Microsoft Visual Studio Solution File, Format Version 11.00
# Visual Studio 2008

Project("{A0D0E669-2BA4-89BD-EAFD-3BE40734EC29}") = "Rhythm Siege", "Assembly-CSharp-firstpass.csproj", "{B467AC88-F3CE-CC32-4C59-385D6E4C8483}"
EndProject
Project("{A0D0E669-2BA4-89BD-EAFD-3BE40734EC29}") = "Rhythm Siege", "Assembly-CSharp.csproj", "{5768811C-4E81-9703-779E-6357C492169D}"
EndProject
Project("{A0D0E669-2BA4-89BD-EAFD-3BE40734EC29}") = "Rhythm Siege", "Assembly-CSharp-Editor.csproj", "{EF266DD2-855C-A6C6-F20C-9C918C31B701}"
EndProject
Project("{A0D0E669-2BA4-89BD-EAFD-3BE40734EC29}") = "Rhythm Siege", "Assembly-UnityScript-firstpass.unityproj", "{3FAB6172-73CD-AC3E-ABBD-7D713428398B}"
EndProject
Global
	GlobalSection(SolutionConfigurationPlatforms) = preSolution
		Debug|Any CPU = Debug|Any CPU
		Release|Any CPU = Release|Any CPU
	EndGlobalSection
	GlobalSection(ProjectConfigurationPlatforms) = postSolution
		{B467AC88-F3CE-CC32-4C59-385D6E4C8483}.Debug|Any CPU.ActiveCfg = Debug|Any CPU
		{B467AC88-F3CE-CC32-4C59-385D6E4C8483}.Debug|Any CPU.Build.0 = Debug|Any CPU
		{B467AC88-F3CE-CC32-4C59-385D6E4C8483}.Release|Any CPU.ActiveCfg = Release|Any CPU
		{B467AC88-F3CE-CC32-4C59-385D6E4C8483}.Release|Any CPU.Build.0 = Release|Any CPU
		{5768811C-4E81-9703-779E-6357C492169D}.Debug|Any CPU.ActiveCfg = Debug|Any CPU
		{5768811C-4E81-9703-779E-6357C492169D}.Debug|Any CPU.Build.0 = Debug|Any CPU
		{5768811C-4E81-9703-779E-6357C492169D}.Release|Any CPU.ActiveCfg = Release|Any CPU
		{5768811C-4E81-9703-779E-6357C492169D}.Release|Any CPU.Build.0 = Release|Any CPU
		{EF266DD2-855C-A6C6-F20C-9C918C31B701}.Debug|Any CPU.ActiveCfg = Debug|Any CPU
		{EF266DD2-855C-A6C6-F20C-9C918C31B701}.Debug|Any CPU.Build.0 = Debug|Any CPU
		{EF266DD2-855C-A6C6-F20C-9C918C31B701}.Release|Any CPU.ActiveCfg = Release|Any CPU
		{EF266DD2-855C-A6C6-F20C-9C918C31B701}.Release|Any CPU.Build.0 = Release|Any CPU
		{3FAB6172-73CD-AC3E-ABBD-7D713428398B}.Debug|Any CPU.ActiveCfg = Debug|Any CPU
		{3FAB6172-73CD-AC3E-ABBD-7D713428398B}.Debug|Any CPU.Build.0 = Debug|Any CPU
		{3FAB6172-73CD-AC3E-ABBD-7D713428398B}.Release|Any CPU.ActiveCfg = Release|Any CPU
		{3FAB6172-73CD-AC3E-ABBD-7D713428398B}.Release|Any CPU.Build.0 = Release|Any CPU
	EndGlobalSection
	GlobalSection(SolutionProperties) = preSolution
		HideSolutionNode = FALSE
	EndGlobalSection
																																																																																																																																																																																																																																											GlobalSection(MonoDevelopProperties) = preSolution
																																																																																																																																													GlobalSection(MonoDevelopProperties) = preSolution
																																																																												GlobalSection(MonoDevelopProperties) = preSolution
		StartupItem = Assembly-CSharp.csproj
		Policies = $0
		$0.TextStylePolicy = $1
		$1.inheritsSet = null
		$1.scope = text/x-csharp
		$0.CSharpFormattingPolicy = $2
		$2.inheritsSet = Mono
		$2.inheritsScope = text/x-csharp
		$2.scope = text/x-csharp
		$0.TextStylePolicy = $3
		$3.FileWidth = 120
		$3.TabWidth = 4
		$3.EolMarker = Unix
		$3.inheritsSet = Mono
		$3.inheritsScope = text/plain
		$3.scope = text/plain
	EndGlobalSection

EndGlobal
